name: base
channels:
- conda-forge
dependencies:
- _openmp_mutex=4.5=2_gnu
- bzip2=1.0.8=h31becfc_5
- ca-certificates=2023.11.17=hcefe29a_0
- ld_impl_linux-aarch64=2.40=h2d8c526_0
- libexpat=2.5.0=hd600fc2_1
- libffi=3.4.2=h3557bc0_5
- libgcc-ng=13.2.0=hf8544c7_3
- libgomp=13.2.0=hf8544c7_3
- libnsl=2.0.1=h31becfc_0
- libsqlite=3.44.2=h194ca79_0
- libuuid=2.38.1=hb4cce97_0
- libxcrypt=4.4.36=h31becfc_1
- libzlib=1.2.13=h31becfc_5
- ncurses=6.4=h0425590_2
- openssl=3.2.0=h31becfc_1
- pip=23.3.2=pyhd8ed1ab_0
- python=3.12.1=h43d1f9e_1_cpython
- readline=8.2=h8fc344f_1
- setuptools=69.0.3=pyhd8ed1ab_0
- tk=8.6.13=h194ca79_0
- tzdata=2023d=h0c530f3_0
- wheel=0.42.0=pyhd8ed1ab_0
- xz=5.2.6=h9cdd2b7_0

