name: base
channels:
  - conda-forge
dependencies:
  - _openmp_mutex=4.5=2_gnu
  - _python_abi3_support=1.0=hd8ed1ab_2
  - anyio=4.12.1=pyhcf101f3_0
  - argon2-cffi=25.1.0=pyhd8ed1ab_0
  - argon2-cffi-bindings=25.1.0=py314h51f160d_2
  - arrow=1.4.0=pyhcf101f3_0
  - asttokens=3.0.1=pyhd8ed1ab_0
  - async-lru=2.0.5=pyh29332c3_0
  - attrs=25.4.0=pyhcf101f3_1
  - babel=2.17.0=pyhd8ed1ab_0
  - backports.zstd=1.3.0=py314h680f03e_0
  - beautifulsoup4=4.14.3=pyha770c72_0
  - black=25.12.0=pyh866005b_0
  - bleach=6.3.0=pyhcf101f3_0
  - bleach-with-css=6.3.0=h5f6438b_0
  - brotli-python=1.2.0=py314h352cb57_1
  - bzip2=1.0.8=h4777abc_8
  - ca-certificates=2026.1.4=hbd8a1cb_0
  - cached-property=1.5.2=hd8ed1ab_1
  - cached_property=1.5.2=pyha770c72_1
  - certifi=2026.1.4=pyhd8ed1ab_0
  - cffi=2.0.0=py314h0bd77cf_1
  - charset-normalizer=3.4.4=pyhd8ed1ab_0
  - click=8.3.1=pyh8f84b5b_1
  - comm=0.2.3=pyhe01879c_0
  - cpython=3.14.2=py314hd8ed1ab_100
  - debugpy=1.8.19=py314he40e366_0
  - decorator=5.2.1=pyhd8ed1ab_0
  - defusedxml=0.7.1=pyhd8ed1ab_0
  - et_xmlfile=2.0.0=pyhd8ed1ab_1
  - exceptiongroup=1.3.1=pyhd8ed1ab_0
  - executing=2.2.1=pyhd8ed1ab_0
  - fqdn=1.5.1=pyhd8ed1ab_1
  - h11=0.16.0=pyhcf101f3_1
  - h2=4.3.0=pyhcf101f3_0
  - hpack=4.1.0=pyhd8ed1ab_0
  - html5rdf=1.2.1=pyhd8ed1ab_1
  - httpcore=1.0.9=pyh29332c3_0
  - httpx=0.28.1=pyhd8ed1ab_0
  - hyperframe=6.1.0=pyhd8ed1ab_0
  - icu=78.1=hb1525cb_0
  - idna=3.11=pyhd8ed1ab_0
  - importlib-metadata=8.7.0=pyhe01879c_1
  - importlib_resources=6.5.2=pyhd8ed1ab_0
  - ipykernel=7.1.0=pyha191276_0
  - ipython=9.9.0=pyh53cf698_0
  - ipython_pygments_lexers=1.1.1=pyhd8ed1ab_0
  - ipywidgets=8.1.8=pyhd8ed1ab_0
  - isodate=0.7.2=pyhd8ed1ab_1
  - isoduration=20.11.0=pyhd8ed1ab_1
  - jedi=0.19.2=pyhd8ed1ab_1
  - jinja2=3.1.6=pyhcf101f3_1
  - json5=0.13.0=pyhd8ed1ab_0
  - jsonpointer=3.0.0=pyhcf101f3_3
  - jsonschema=4.26.0=pyhcf101f3_0
  - jsonschema-specifications=2025.9.1=pyhcf101f3_0
  - jsonschema-with-format-nongpl=4.26.0=hcf101f3_0
  - jupyter=1.1.1=pyhd8ed1ab_1
  - jupyter-lsp=2.3.0=pyhcf101f3_0
  - jupyter_client=8.8.0=pyhcf101f3_0
  - jupyter_console=6.6.3=pyhd8ed1ab_1
  - jupyter_core=5.9.1=pyhc90fa1f_0
  - jupyter_events=0.12.0=pyh29332c3_0
  - jupyter_server=2.17.0=pyhcf101f3_0
  - jupyter_server_terminals=0.5.3=pyhd8ed1ab_1
  - jupyterlab=4.5.1=pyhd8ed1ab_0
  - jupyterlab_pygments=0.3.0=pyhd8ed1ab_2
  - jupyterlab_server=2.28.0=pyhcf101f3_0
  - jupyterlab_widgets=3.0.16=pyhcf101f3_1
  - jupytext=1.18.1=pyh80e38bb_0
  - keyutils=1.6.3=h86ecc28_0
  - krb5=1.21.3=h50a48e9_0
  - lark=1.3.1=pyhd8ed1ab_0
  - ld_impl_linux-aarch64=2.45=default_h1979696_105
  - libblas=3.11.0=5_haddc8a3_openblas
  - libcblas=3.11.0=5_hd72aa62_openblas
  - libedit=3.1.20250104=pl5321h976ea20_0
  - libexpat=2.7.3=hfae3067_0
  - libffi=3.5.2=hd65408f_0
  - libgcc=15.2.0=h8acb6b2_16
  - libgcc-ng=15.2.0=he9431aa_16
  - libgfortran=15.2.0=he9431aa_16
  - libgfortran5=15.2.0=h1b7bec0_16
  - libgomp=15.2.0=h8acb6b2_16
  - libiconv=1.18=h90929bb_2
  - liblapack=3.11.0=5_h88aeb00_openblas
  - liblzma=5.8.1=h86ecc28_2
  - libmpdec=4.0.0=h86ecc28_0
  - libopenblas=0.3.30=pthreads_h9d3fd7e_4
  - libsodium=1.0.20=h68df207_0
  - libsqlite=3.51.1=h10b116e_1
  - libstdcxx=15.2.0=hef695bb_16
  - libstdcxx-ng=15.2.0=hdbbeba8_16
  - libuuid=2.41.3=h1022ec0_0
  - libxml2=2.15.1=h825857f_1
  - libxml2-16=2.15.1=h79dcc73_1
  - libxslt=1.1.43=h6700d25_1
  - libzlib=1.3.1=h86ecc28_2
  - lxml=6.0.2=py314hc429ed8_2
  - markdown-it-py=4.0.0=pyhd8ed1ab_0
  - markupsafe=3.0.3=pyh7db6752_0
  - matplotlib-inline=0.2.1=pyhd8ed1ab_0
  - mdit-py-plugins=0.5.0=pyhd8ed1ab_0
  - mdurl=0.1.2=pyhd8ed1ab_1
  - mistune=3.2.0=pyhcf101f3_0
  - mypy_extensions=1.1.0=pyha770c72_0
  - nbclient=0.10.4=pyhd8ed1ab_0
  - nbconvert-core=7.16.6=pyhcf101f3_1
  - nbformat=5.10.4=pyhd8ed1ab_1
  - ncurses=6.5=ha32ae93_3
  - nest-asyncio=1.6.0=pyhd8ed1ab_1
  - notebook=7.5.1=pyhcf101f3_0
  - notebook-shim=0.2.4=pyhd8ed1ab_1
  - numpy=2.4.0=py314haac167e_0
  - openpyxl=3.1.5=py314h9c8ca15_2
  - openssl=3.6.0=h8e36d6e_0
  - overrides=7.7.0=pyhd8ed1ab_1
  - owlrl=7.1.4=pyhe01879c_0
  - packaging=25.0=pyh29332c3_1
  - pandas=2.3.3=py314h91eeaa4_2
  - pandocfilters=1.5.0=pyhd8ed1ab_0
  - parso=0.8.5=pyhcf101f3_0
  - pathspec=1.0.2=pyhd8ed1ab_0
  - pexpect=4.9.0=pyhd8ed1ab_1
  - pip=25.3=pyh145f28c_0
  - platformdirs=4.5.1=pyhcf101f3_0
  - prettytable=3.17.0=pyhd8ed1ab_0
  - prometheus_client=0.23.1=pyhd8ed1ab_0
  - prompt-toolkit=3.0.52=pyha770c72_0
  - prompt_toolkit=3.0.52=hd8ed1ab_0
  - psutil=7.2.1=py314h2e8dab5_0
  - ptyprocess=0.7.0=pyhd8ed1ab_1
  - pure_eval=0.2.3=pyhd8ed1ab_1
  - pycparser=2.22=pyh29332c3_1
  - pygments=2.19.2=pyhd8ed1ab_0
  - pyparsing=3.3.1=pyhcf101f3_0
  - pyshacl=0.30.1=pyh29332c3_0
  - pysocks=1.7.1=pyha55dd90_7
  - python=3.14.2=hb06a95a_100_cp314
  - python-dateutil=2.9.0.post0=pyhe01879c_2
  - python-fastjsonschema=2.21.2=pyhe01879c_0
  - python-gil=3.14.2=h4df99d1_100
  - python-json-logger=2.0.7=pyhd8ed1ab_0
  - python-tzdata=2025.3=pyhd8ed1ab_0
  - python_abi=3.14=8_cp314
  - pytokens=0.3.0=pyhcf101f3_0
  - pytz=2025.2=pyhd8ed1ab_0
  - pyyaml=6.0.3=pyh7db6752_0
  - pyzmq=27.1.0=py312h4552c38_0
  - rdflib=7.5.0=pyhcf101f3_0
  - rdflib-with-html=7.5.0=h79d005b_0
  - readline=8.3=hb682ff5_0
  - referencing=0.37.0=pyhcf101f3_0
  - requests=2.32.5=pyhcf101f3_1
  - rfc3339-validator=0.1.4=pyhd8ed1ab_1
  - rfc3986-validator=0.1.1=pyh9f0ad1d_0
  - rfc3987-syntax=1.1.0=pyhe01879c_1
  - rich=14.2.0=pyhcf101f3_0
  - rpds-py=0.30.0=py314h02b7a91_0
  - send2trash=2.0.0=pyha191276_0
  - setuptools=80.9.0=pyhff2d567_0
  - shellingham=1.5.4=pyhd8ed1ab_2
  - six=1.17.0=pyhe01879c_1
  - sniffio=1.3.1=pyhd8ed1ab_2
  - soupsieve=2.8.1=pyhd8ed1ab_0
  - stack_data=0.6.3=pyhd8ed1ab_1
  - tabulate=0.9.0=pyhcf101f3_3
  - terminado=0.18.1=pyhc90fa1f_1
  - tinycss2=1.5.1=pyhcf101f3_0
  - tk=8.6.13=noxft_h561c983_103
  - tomli=2.3.0=pyhcf101f3_0
  - tornado=6.5.4=py314h4f4b899_0
  - traitlets=5.14.3=pyhd8ed1ab_1
  - typer=0.21.1=pyhf8876ea_0
  - typer-slim=0.21.1=pyhcf101f3_0
  - typer-slim-standard=0.21.1=h378290b_0
  - typing-extensions=4.15.0=h396c80c_0
  - typing_extensions=4.15.0=pyhcf101f3_0
  - typing_utils=0.1.0=pyhd8ed1ab_1
  - tzdata=2025c=hc9c84f9_1
  - uri-template=1.3.0=pyhd8ed1ab_1
  - urllib3=2.6.3=pyhd8ed1ab_0
  - wcwidth=0.2.14=pyhd8ed1ab_0
  - webcolors=25.10.0=pyhd8ed1ab_0
  - webencodings=0.5.1=pyhd8ed1ab_3
  - websocket-client=1.9.0=pyhd8ed1ab_0
  - widgetsnbextension=4.0.15=pyhd8ed1ab_0
  - yaml=0.2.5=h80f16a2_3
  - zeromq=4.3.5=hefbcea8_9
  - zipp=3.23.0=pyhcf101f3_1
  - zstd=1.5.7=h85ac4a6_6

prefix: "/opt/conda"
